
Microsoft Visual Studio Solution File, Format Version 12.00
# Visual Studio 2013
Project("{FAE04EC0-301F-11D3-BF4B-00C04F79EFBC}") = "Maze2.CSharp", "Maze2.CSharp.csproj", "{67724616-4CC5-678F-61DC-B8DD77452E2E}"
EndProject
Project("{FAE04EC0-301F-11D3-BF4B-00C04F79EFBC}") = "Maze2.CSharp.Editor", "Maze2.CSharp.Editor.csproj", "{DC27677D-51DD-5E9F-790C-6E29236AC22F}"
EndProject
Global
	GlobalSection(SolutionConfigurationPlatforms) = preSolution
		Debug|Any CPU = Debug|Any CPU
		Release|Any CPU = Release|Any CPU
	EndGlobalSection
	GlobalSection(ProjectConfigurationPlatforms) = postSolution
		{67724616-4CC5-678F-61DC-B8DD77452E2E}.Debug|Any CPU.ActiveCfg = Debug|Any CPU
		{67724616-4CC5-678F-61DC-B8DD77452E2E}.Debug|Any CPU.Build.0 = Debug|Any CPU
		{67724616-4CC5-678F-61DC-B8DD77452E2E}.Release|Any CPU.ActiveCfg = Release|Any CPU
		{67724616-4CC5-678F-61DC-B8DD77452E2E}.Release|Any CPU.Build.0 = Release|Any CPU
		{DC27677D-51DD-5E9F-790C-6E29236AC22F}.Debug|Any CPU.ActiveCfg = Debug|Any CPU
		{DC27677D-51DD-5E9F-790C-6E29236AC22F}.Debug|Any CPU.Build.0 = Debug|Any CPU
		{DC27677D-51DD-5E9F-790C-6E29236AC22F}.Release|Any CPU.ActiveCfg = Release|Any CPU
		{DC27677D-51DD-5E9F-790C-6E29236AC22F}.Release|Any CPU.Build.0 = Release|Any CPU
	EndGlobalSection
	GlobalSection(SolutionProperties) = preSolution
		HideSolutionNode = FALSE
	EndGlobalSection
EndGlobal
