
Microsoft Visual Studio Solution File, Format Version 12.00
# Visual Studio 2015
Project("{FAE04EC0-301F-11D3-BF4B-00C04F79EFBC}") = "tan-k-ci-ty-3-d.CSharp.Plugins", "tan-k-ci-ty-3-d.CSharp.Plugins.csproj", "{AE14C436-8C69-7CEE-3B60-B59E68DD1031}"
EndProject
Project("{FAE04EC0-301F-11D3-BF4B-00C04F79EFBC}") = "tan-k-ci-ty-3-d.CSharp", "tan-k-ci-ty-3-d.CSharp.csproj", "{4F6D9046-A295-F16B-1B20-4DE463453387}"
EndProject
Global
	GlobalSection(SolutionConfigurationPlatforms) = preSolution
		Debug|Any CPU = Debug|Any CPU
		Release|Any CPU = Release|Any CPU
	EndGlobalSection
	GlobalSection(ProjectConfigurationPlatforms) = postSolution
		{AE14C436-8C69-7CEE-3B60-B59E68DD1031}.Debug|Any CPU.ActiveCfg = Debug|Any CPU
		{AE14C436-8C69-7CEE-3B60-B59E68DD1031}.Debug|Any CPU.Build.0 = Debug|Any CPU
		{AE14C436-8C69-7CEE-3B60-B59E68DD1031}.Release|Any CPU.ActiveCfg = Release|Any CPU
		{AE14C436-8C69-7CEE-3B60-B59E68DD1031}.Release|Any CPU.Build.0 = Release|Any CPU
		{4F6D9046-A295-F16B-1B20-4DE463453387}.Debug|Any CPU.ActiveCfg = Debug|Any CPU
		{4F6D9046-A295-F16B-1B20-4DE463453387}.Debug|Any CPU.Build.0 = Debug|Any CPU
		{4F6D9046-A295-F16B-1B20-4DE463453387}.Release|Any CPU.ActiveCfg = Release|Any CPU
		{4F6D9046-A295-F16B-1B20-4DE463453387}.Release|Any CPU.Build.0 = Release|Any CPU
	EndGlobalSection
	GlobalSection(SolutionProperties) = preSolution
		HideSolutionNode = FALSE
	EndGlobalSection
EndGlobal
