Microsoft Visual Studio Solution File, Format Version 11.00
# Visual Studio 2008

Project("{BFEC4209-17EF-35B3-5FDA-6D523E85A884}") = "Du_oi_hi_inh_ba_t_c_hu", "Assembly-CSharp.csproj", "{1DAEFFA2-CBF3-DFAA-75EB-93E61A3D23F8}"
EndProject
Project("{BFEC4209-17EF-35B3-5FDA-6D523E85A884}") = "Du_oi_hi_inh_ba_t_c_hu", "Assembly-CSharp-Editor.csproj", "{450142A9-C754-E573-BB8D-140F521C0B59}"
EndProject
Global
	GlobalSection(SolutionConfigurationPlatforms) = preSolution
		Debug|Any CPU = Debug|Any CPU
		Release|Any CPU = Release|Any CPU
	EndGlobalSection
	GlobalSection(ProjectConfigurationPlatforms) = postSolution
		{1DAEFFA2-CBF3-DFAA-75EB-93E61A3D23F8}.Debug|Any CPU.ActiveCfg = Debug|Any CPU
		{1DAEFFA2-CBF3-DFAA-75EB-93E61A3D23F8}.Debug|Any CPU.Build.0 = Debug|Any CPU
		{1DAEFFA2-CBF3-DFAA-75EB-93E61A3D23F8}.Release|Any CPU.ActiveCfg = Release|Any CPU
		{1DAEFFA2-CBF3-DFAA-75EB-93E61A3D23F8}.Release|Any CPU.Build.0 = Release|Any CPU
		{450142A9-C754-E573-BB8D-140F521C0B59}.Debug|Any CPU.ActiveCfg = Debug|Any CPU
		{450142A9-C754-E573-BB8D-140F521C0B59}.Debug|Any CPU.Build.0 = Debug|Any CPU
		{450142A9-C754-E573-BB8D-140F521C0B59}.Release|Any CPU.ActiveCfg = Release|Any CPU
		{450142A9-C754-E573-BB8D-140F521C0B59}.Release|Any CPU.Build.0 = Release|Any CPU
	EndGlobalSection
	GlobalSection(SolutionProperties) = preSolution
		HideSolutionNode = FALSE
	EndGlobalSection
											GlobalSection(MonoDevelopProperties) = preSolution
		StartupItem = Assembly-CSharp.csproj
		Policies = $0
		$0.TextStylePolicy = $1
		$1.inheritsSet = null
		$1.scope = text/x-csharp
		$0.CSharpFormattingPolicy = $2
		$2.inheritsSet = Mono
		$2.inheritsScope = text/x-csharp
		$2.scope = text/x-csharp
		$0.TextStylePolicy = $3
		$3.FileWidth = 120
		$3.TabWidth = 4
		$3.EolMarker = Unix
		$3.inheritsSet = Mono
		$3.inheritsScope = text/plain
		$3.scope = text/plain
	EndGlobalSection

EndGlobal
