
Microsoft Visual Studio Solution File, Format Version 12.00
# Visual Studio 2012
Project("{FAE04EC0-301F-11D3-BF4B-00C04F79EFBC}") = "CarRacingClassic", "CarRacingClassic\CarRacingClassic.csproj", "{A47B2CEF-522C-495D-B0F6-CCD2FA1BA736}"
EndProject
Global
	GlobalSection(SolutionConfigurationPlatforms) = preSolution
		Debug|ARM = Debug|ARM
		Debug|x86 = Debug|x86
		Master|ARM = Master|ARM
		Master|x86 = Master|x86
		Release|ARM = Release|ARM
		Release|x86 = Release|x86
	EndGlobalSection
	GlobalSection(ProjectConfigurationPlatforms) = postSolution
		{A47B2CEF-522C-495D-B0F6-CCD2FA1BA736}.Debug|ARM.ActiveCfg = Debug|ARM
		{A47B2CEF-522C-495D-B0F6-CCD2FA1BA736}.Debug|ARM.Build.0 = Debug|ARM
		{A47B2CEF-522C-495D-B0F6-CCD2FA1BA736}.Debug|ARM.Deploy.0 = Debug|ARM
		{A47B2CEF-522C-495D-B0F6-CCD2FA1BA736}.Debug|x86.ActiveCfg = Debug|x86
		{A47B2CEF-522C-495D-B0F6-CCD2FA1BA736}.Debug|x86.Build.0 = Debug|x86
		{A47B2CEF-522C-495D-B0F6-CCD2FA1BA736}.Debug|x86.Deploy.0 = Debug|x86
		{A47B2CEF-522C-495D-B0F6-CCD2FA1BA736}.Master|ARM.ActiveCfg = Master|ARM
		{A47B2CEF-522C-495D-B0F6-CCD2FA1BA736}.Master|ARM.Build.0 = Master|ARM
		{A47B2CEF-522C-495D-B0F6-CCD2FA1BA736}.Master|ARM.Deploy.0 = Master|ARM
		{A47B2CEF-522C-495D-B0F6-CCD2FA1BA736}.Master|x86.ActiveCfg = Master|x86
		{A47B2CEF-522C-495D-B0F6-CCD2FA1BA736}.Master|x86.Build.0 = Master|x86
		{A47B2CEF-522C-495D-B0F6-CCD2FA1BA736}.Master|x86.Deploy.0 = Master|x86
		{A47B2CEF-522C-495D-B0F6-CCD2FA1BA736}.Release|ARM.ActiveCfg = Release|ARM
		{A47B2CEF-522C-495D-B0F6-CCD2FA1BA736}.Release|ARM.Build.0 = Release|ARM
		{A47B2CEF-522C-495D-B0F6-CCD2FA1BA736}.Release|ARM.Deploy.0 = Release|ARM
		{A47B2CEF-522C-495D-B0F6-CCD2FA1BA736}.Release|x86.ActiveCfg = Release|x86
		{A47B2CEF-522C-495D-B0F6-CCD2FA1BA736}.Release|x86.Build.0 = Release|x86
		{A47B2CEF-522C-495D-B0F6-CCD2FA1BA736}.Release|x86.Deploy.0 = Release|x86
	EndGlobalSection
	GlobalSection(SolutionProperties) = preSolution
		HideSolutionNode = FALSE
	EndGlobalSection
EndGlobal
