
Microsoft Visual Studio Solution File, Format Version 12.00
# Visual Studio 2015
Project("{FAE04EC0-301F-11D3-BF4B-00C04F79EFBC}") = "wh-o-that-po-ke-mon.CSharp", "wh-o-that-po-ke-mon.CSharp.csproj", "{5FF5B08C-A66E-122D-B465-DC6BCE210175}"
EndProject
Project("{FAE04EC0-301F-11D3-BF4B-00C04F79EFBC}") = "wh-o-that-po-ke-mon.CSharp.Editor", "wh-o-that-po-ke-mon.CSharp.Editor.csproj", "{53609354-38D0-9855-36E8-892A0B1402F8}"
EndProject
Global
	GlobalSection(SolutionConfigurationPlatforms) = preSolution
		Debug|Any CPU = Debug|Any CPU
		Release|Any CPU = Release|Any CPU
	EndGlobalSection
	GlobalSection(ProjectConfigurationPlatforms) = postSolution
		{5FF5B08C-A66E-122D-B465-DC6BCE210175}.Debug|Any CPU.ActiveCfg = Debug|Any CPU
		{5FF5B08C-A66E-122D-B465-DC6BCE210175}.Debug|Any CPU.Build.0 = Debug|Any CPU
		{5FF5B08C-A66E-122D-B465-DC6BCE210175}.Release|Any CPU.ActiveCfg = Release|Any CPU
		{5FF5B08C-A66E-122D-B465-DC6BCE210175}.Release|Any CPU.Build.0 = Release|Any CPU
		{53609354-38D0-9855-36E8-892A0B1402F8}.Debug|Any CPU.ActiveCfg = Debug|Any CPU
		{53609354-38D0-9855-36E8-892A0B1402F8}.Debug|Any CPU.Build.0 = Debug|Any CPU
		{53609354-38D0-9855-36E8-892A0B1402F8}.Release|Any CPU.ActiveCfg = Release|Any CPU
		{53609354-38D0-9855-36E8-892A0B1402F8}.Release|Any CPU.Build.0 = Release|Any CPU
	EndGlobalSection
	GlobalSection(SolutionProperties) = preSolution
		HideSolutionNode = FALSE
	EndGlobalSection
EndGlobal
